
Microsoft Visual Studio Solution File, Format Version 12.00
# Visual Studio Version 17
VisualStudioVersion = 17.12.35514.174
MinimumVisualStudioVersion = 10.0.40219.1
Project("{FAE04EC0-301F-11D3-BF4B-00C04F79EFBC}") = "ToolTransfer", "ToolTransfer\ToolTransfer.csproj", "{BD6E2D76-0EA6-49F4-BF0F-EE8B8E5B93BC}"
EndProject
Project("{54435603-DBB4-11D2-8724-00A0C9A8B90C}") = "SetupToolTransfer", "SetupToolTransfer\SetupToolTransfer.vdproj", "{D639BB2A-8A15-47C8-BC2D-A0D9E36A5EBA}"
EndProject
Global
	GlobalSection(SolutionConfigurationPlatforms) = preSolution
		Debug|Any CPU = Debug|Any CPU
		Release|Any CPU = Release|Any CPU
	EndGlobalSection
	GlobalSection(ProjectConfigurationPlatforms) = postSolution
		{BD6E2D76-0EA6-49F4-BF0F-EE8B8E5B93BC}.Debug|Any CPU.ActiveCfg = Debug|Any CPU
		{BD6E2D76-0EA6-49F4-BF0F-EE8B8E5B93BC}.Debug|Any CPU.Build.0 = Debug|Any CPU
		{BD6E2D76-0EA6-49F4-BF0F-EE8B8E5B93BC}.Release|Any CPU.ActiveCfg = Release|Any CPU
		{BD6E2D76-0EA6-49F4-BF0F-EE8B8E5B93BC}.Release|Any CPU.Build.0 = Release|Any CPU
		{D639BB2A-8A15-47C8-BC2D-A0D9E36A5EBA}.Debug|Any CPU.ActiveCfg = Debug
		{D639BB2A-8A15-47C8-BC2D-A0D9E36A5EBA}.Release|Any CPU.ActiveCfg = Release
	EndGlobalSection
	GlobalSection(SolutionProperties) = preSolution
		HideSolutionNode = FALSE
	EndGlobalSection
EndGlobal
